# THIS IS AN AUTOGENERATED FILE. DO NOT EDIT THIS FILE DIRECTLY.
# yarn lockfile v1
cbp-theme@^1.1.1:
  version "1.1.1"
  resolved "https://registry.yarnpkg.com/cbp-theme/-/cbp-theme-1.1.1.tgz#c0ad2fc085747f702774f3be739f9bd9a6a0cba2"
  optionalDependencies:
    jquery.inputmask "3.3.3"

jquery.inputmask@3.3.3:
  version "3.3.3"
  resolved "https://registry.yarnpkg.com/jquery.inputmask/-/jquery.inputmask-3.3.3.tgz#0b1a4ec231f544150ef831dcf727002a91f7f6ac"

