{
  "name": "gtas-webapp",
  "version": "1.0.0",
  "lockfileVersion": 1,
  "dependencies": {
    "bower": {
      "version": "1.8.0",
      "resolved": "https://registry.npmjs.org/bower/-/bower-1.8.0.tgz",
      "integrity": "sha1-Vdvr7wrZFVOC2enT5JfBNyNFtEo="
    },
    "save-dev": {
      "version": "2.0.0",
      "resolved": "https://registry.npmjs.org/save-dev/-/save-dev-2.0.0.tgz",
      "integrity": "sha1-T4wGcD1io/dlcVliNwBbEdVt9Q4="
    }
  }
}
