# THIS IS AN AUTOGENERATED FILE. DO NOT EDIT THIS FILE DIRECTLY.
# yarn lockfile v1
bower@^1.8.0:
  version "1.8.0"
  resolved "https://registry.yarnpkg.com/bower/-/bower-1.8.0.tgz#55dbebef0ad9155382d9e9d3e497c1372345b44a"

cbp-theme@^1.1.1:
  version "1.1.1"
  resolved "https://registry.yarnpkg.com/cbp-theme/-/cbp-theme-1.1.1.tgz#c0ad2fc085747f702774f3be739f9bd9a6a0cba2"
  optionalDependencies:
    jquery.inputmask "3.3.3"

jquery.inputmask@3.3.3:
  version "3.3.3"
  resolved "https://registry.yarnpkg.com/jquery.inputmask/-/jquery.inputmask-3.3.3.tgz#0b1a4ec231f544150ef831dcf727002a91f7f6ac"

save-dev@^2.0.0:
  version "2.0.0"
  resolved "https://registry.yarnpkg.com/save-dev/-/save-dev-2.0.0.tgz#4f8c06703d62a3f76571596237005b11d56df50e"

